Microsoft Visual Studio Solution File, Format Version 12.00
# Visual Studio Version 17
VisualStudioVersion = 17.5.2.0
MinimumVisualStudioVersion = 10.0.40219.1
Project("{FAE04EC0-301F-11D3-BF4B-00C04F79EFBC}") = "demoProject", "demoProject\demoProject.csproj", "{B8C94377-A4ED-32AF-5830-768049F413A4}"
EndProject
Global
	GlobalSection(SolutionConfigurationPlatforms) = preSolution
		Debug|Any CPU = Debug|Any CPU
		Release|Any CPU = Release|Any CPU
	EndGlobalSection
	GlobalSection(ProjectConfigurationPlatforms) = postSolution
		{B8C94377-A4ED-32AF-5830-768049F413A4}.Debug|Any CPU.ActiveCfg = Debug|Any CPU
		{B8C94377-A4ED-32AF-5830-768049F413A4}.Debug|Any CPU.Build.0 = Debug|Any CPU
		{B8C94377-A4ED-32AF-5830-768049F413A4}.Release|Any CPU.ActiveCfg = Release|Any CPU
		{B8C94377-A4ED-32AF-5830-768049F413A4}.Release|Any CPU.Build.0 = Release|Any CPU
	EndGlobalSection
	GlobalSection(SolutionProperties) = preSolution
		HideSolutionNode = FALSE
	EndGlobalSection
	GlobalSection(ExtensibilityGlobals) = postSolution
		SolutionGuid = {F9F90021-25A6-44ED-BF9B-8748D4198C52}
	EndGlobalSection
EndGlobal
